
Microsoft Visual Studio Solution File, Format Version 12.00
# Visual Studio Version 16
VisualStudioVersion = 16.0.31313.79
MinimumVisualStudioVersion = 10.0.40219.1
Project("{FAE04EC0-301F-11D3-BF4B-00C04F79EFBC}") = "SearchingMethods", "SearchingMethods\SearchingMethods.csproj", "{EB13A607-15E1-4852-B87C-8C35CA7A09EB}"
EndProject
Global
	GlobalSection(SolutionConfigurationPlatforms) = preSolution
		Debug|Any CPU = Debug|Any CPU
		Release|Any CPU = Release|Any CPU
	EndGlobalSection
	GlobalSection(ProjectConfigurationPlatforms) = postSolution
		{EB13A607-15E1-4852-B87C-8C35CA7A09EB}.Debug|Any CPU.ActiveCfg = Debug|Any CPU
		{EB13A607-15E1-4852-B87C-8C35CA7A09EB}.Debug|Any CPU.Build.0 = Debug|Any CPU
		{EB13A607-15E1-4852-B87C-8C35CA7A09EB}.Release|Any CPU.ActiveCfg = Release|Any CPU
		{EB13A607-15E1-4852-B87C-8C35CA7A09EB}.Release|Any CPU.Build.0 = Release|Any CPU
	EndGlobalSection
	GlobalSection(SolutionProperties) = preSolution
		HideSolutionNode = FALSE
	EndGlobalSection
	GlobalSection(ExtensibilityGlobals) = postSolution
		SolutionGuid = {20218E02-2D92-4E01-BFD3-700BF449F747}
	EndGlobalSection
EndGlobal
